// !$*UTF8*$!
{
	archiveVersion = 1;
	classes = {
	};
	objectVersion = 46;
	objects = {

/* Begin PBXBuildFile section */
		79F906BE1F2584C400544230 /* GKNavigationBarViewControllerSwift.framework in Frameworks */ = {isa = PBXBuildFile; fileRef = 79F906B41F2584C400544230 /* GKNavigationBarViewControllerSwift.framework */; };
		79F906C31F2584C400544230 /* GKNavigationBarViewControllerSwiftTests.m in Sources */ = {isa = PBXBuildFile; fileRef = 79F906C21F2584C400544230 /* GKNavigationBarViewControllerSwiftTests.m */; };
		79F906C51F2584C400544230 /* GKNavigationBarViewControllerSwift.h in Headers */ = {isa = PBXBuildFile; fileRef = 79F906B71F2584C400544230 /* GKNavigationBarViewControllerSwift.h */; settings = {ATTRIBUTES = (Public, ); }; };
		79F906DC1F2584DE00544230 /* UIBarButtonItem+GKExtension.swift in Sources */ = {isa = PBXBuildFile; fileRef = 79F906CF1F2584DE00544230 /* UIBarButtonItem+GKExtension.swift */; };
		79F906DD1F2584DE00544230 /* UINavigationController+GKExtension.swift in Sources */ = {isa = PBXBuildFile; fileRef = 79F906D01F2584DE00544230 /* UINavigationController+GKExtension.swift */; };
		79F906DE1F2584DE00544230 /* UIScrollView+GKExtension.swift in Sources */ = {isa = PBXBuildFile; fileRef = 79F906D11F2584DE00544230 /* UIScrollView+GKExtension.swift */; };
		79F906DF1F2584DE00544230 /* UIViewController+GKExtension.swift in Sources */ = {isa = PBXBuildFile; fileRef = 79F906D21F2584DE00544230 /* UIViewController+GKExtension.swift */; };
		79F906E01F2584DE00544230 /* btn_back_black@2x.png in Resources */ = {isa = PBXBuildFile; fileRef = 79F906D41F2584DE00544230 /* btn_back_black@2x.png */; };
		79F906E11F2584DE00544230 /* btn_back_black@3x.png in Resources */ = {isa = PBXBuildFile; fileRef = 79F906D51F2584DE00544230 /* btn_back_black@3x.png */; };
		79F906E21F2584DE00544230 /* btn_back_white@2x.png in Resources */ = {isa = PBXBuildFile; fileRef = 79F906D61F2584DE00544230 /* btn_back_white@2x.png */; };
		79F906E31F2584DE00544230 /* btn_back_white@3x.png in Resources */ = {isa = PBXBuildFile; fileRef = 79F906D71F2584DE00544230 /* btn_back_white@3x.png */; };
		79F906E41F2584DE00544230 /* GKDelegateHandler.swift in Sources */ = {isa = PBXBuildFile; fileRef = 79F906D91F2584DE00544230 /* GKDelegateHandler.swift */; };
		79F906E51F2584DE00544230 /* GKPopTransitionAnimation.swift in Sources */ = {isa = PBXBuildFile; fileRef = 79F906DA1F2584DE00544230 /* GKPopTransitionAnimation.swift */; };
		79F906E61F2584DE00544230 /* GKPushTransitionAnimation.swift in Sources */ = {isa = PBXBuildFile; fileRef = 79F906DB1F2584DE00544230 /* GKPushTransitionAnimation.swift */; };
		79F906E91F2584F100544230 /* GKNavigationBarConfigure.swift in Sources */ = {isa = PBXBuildFile; fileRef = 79F906E71F2584F100544230 /* GKNavigationBarConfigure.swift */; };
		79F906EA1F2584F100544230 /* GKNavigationBarViewController.swift in Sources */ = {isa = PBXBuildFile; fileRef = 79F906E81F2584F100544230 /* GKNavigationBarViewController.swift */; };
/* End PBXBuildFile section */

/* Begin PBXContainerItemProxy section */
		79F906BF1F2584C400544230 /* PBXContainerItemProxy */ = {
			isa = PBXContainerItemProxy;
			containerPortal = 79F906AB1F2584C400544230 /* Project object */;
			proxyType = 1;
			remoteGlobalIDString = 79F906B31F2584C400544230;
			remoteInfo = GKNavigationBarViewControllerSwift;
		};
/* End PBXContainerItemProxy section */

/* Begin PBXFileReference section */
		79F906B41F2584C400544230 /* GKNavigationBarViewControllerSwift.framework */ = {isa = PBXFileReference; explicitFileType = wrapper.framework; includeInIndex = 0; path = GKNavigationBarViewControllerSwift.framework; sourceTree = BUILT_PRODUCTS_DIR; };
		79F906B71F2584C400544230 /* GKNavigationBarViewControllerSwift.h */ = {isa = PBXFileReference; lastKnownFileType = sourcecode.c.h; path = GKNavigationBarViewControllerSwift.h; sourceTree = "<group>"; };
		79F906B81F2584C400544230 /* Info.plist */ = {isa = PBXFileReference; lastKnownFileType = text.plist.xml; path = Info.plist; sourceTree = "<group>"; };
		79F906BD1F2584C400544230 /* GKNavigationBarViewControllerSwiftTests.xctest */ = {isa = PBXFileReference; explicitFileType = wrapper.cfbundle; includeInIndex = 0; path = GKNavigationBarViewControllerSwiftTests.xctest; sourceTree = BUILT_PRODUCTS_DIR; };
		79F906C21F2584C400544230 /* GKNavigationBarViewControllerSwiftTests.m */ = {isa = PBXFileReference; lastKnownFileType = sourcecode.c.objc; path = GKNavigationBarViewControllerSwiftTests.m; sourceTree = "<group>"; };
		79F906C41F2584C400544230 /* Info.plist */ = {isa = PBXFileReference; lastKnownFileType = text.plist.xml; path = Info.plist; sourceTree = "<group>"; };
		79F906CF1F2584DE00544230 /* UIBarButtonItem+GKExtension.swift */ = {isa = PBXFileReference; fileEncoding = 4; lastKnownFileType = sourcecode.swift; path = "UIBarButtonItem+GKExtension.swift"; sourceTree = "<group>"; };
		79F906D01F2584DE00544230 /* UINavigationController+GKExtension.swift */ = {isa = PBXFileReference; fileEncoding = 4; lastKnownFileType = sourcecode.swift; path = "UINavigationController+GKExtension.swift"; sourceTree = "<group>"; };
		79F906D11F2584DE00544230 /* UIScrollView+GKExtension.swift */ = {isa = PBXFileReference; fileEncoding = 4; lastKnownFileType = sourcecode.swift; path = "UIScrollView+GKExtension.swift"; sourceTree = "<group>"; };
		79F906D21F2584DE00544230 /* UIViewController+GKExtension.swift */ = {isa = PBXFileReference; fileEncoding = 4; lastKnownFileType = sourcecode.swift; path = "UIViewController+GKExtension.swift"; sourceTree = "<group>"; };
		79F906D41F2584DE00544230 /* btn_back_black@2x.png */ = {isa = PBXFileReference; lastKnownFileType = image.png; path = "btn_back_black@2x.png"; sourceTree = "<group>"; };
		79F906D51F2584DE00544230 /* btn_back_black@3x.png */ = {isa = PBXFileReference; lastKnownFileType = image.png; path = "btn_back_black@3x.png"; sourceTree = "<group>"; };
		79F906D61F2584DE00544230 /* btn_back_white@2x.png */ = {isa = PBXFileReference; lastKnownFileType = image.png; path = "btn_back_white@2x.png"; sourceTree = "<group>"; };
		79F906D71F2584DE00544230 /* btn_back_white@3x.png */ = {isa = PBXFileReference; lastKnownFileType = image.png; path = "btn_back_white@3x.png"; sourceTree = "<group>"; };
		79F906D91F2584DE00544230 /* GKDelegateHandler.swift */ = {isa = PBXFileReference; fileEncoding = 4; lastKnownFileType = sourcecode.swift; path = GKDelegateHandler.swift; sourceTree = "<group>"; };
		79F906DA1F2584DE00544230 /* GKPopTransitionAnimation.swift */ = {isa = PBXFileReference; fileEncoding = 4; lastKnownFileType = sourcecode.swift; path = GKPopTransitionAnimation.swift; sourceTree = "<group>"; };
		79F906DB1F2584DE00544230 /* GKPushTransitionAnimation.swift */ = {isa = PBXFileReference; fileEncoding = 4; lastKnownFileType = sourcecode.swift; path = GKPushTransitionAnimation.swift; sourceTree = "<group>"; };
		79F906E71F2584F100544230 /* GKNavigationBarConfigure.swift */ = {isa = PBXFileReference; fileEncoding = 4; lastKnownFileType = sourcecode.swift; path = GKNavigationBarConfigure.swift; sourceTree = "<group>"; };
		79F906E81F2584F100544230 /* GKNavigationBarViewController.swift */ = {isa = PBXFileReference; fileEncoding = 4; lastKnownFileType = sourcecode.swift; path = GKNavigationBarViewController.swift; sourceTree = "<group>"; };
/* End PBXFileReference section */

/* Begin PBXFrameworksBuildPhase section */
		79F906B01F2584C400544230 /* Frameworks */ = {
			isa = PBXFrameworksBuildPhase;
			buildActionMask = 2147483647;
			files = (
			);
			runOnlyForDeploymentPostprocessing = 0;
		};
		79F906BA1F2584C400544230 /* Frameworks */ = {
			isa = PBXFrameworksBuildPhase;
			buildActionMask = 2147483647;
			files = (
				79F906BE1F2584C400544230 /* GKNavigationBarViewControllerSwift.framework in Frameworks */,
			);
			runOnlyForDeploymentPostprocessing = 0;
		};
/* End PBXFrameworksBuildPhase section */

/* Begin PBXGroup section */
		79F906AA1F2584C400544230 = {
			isa = PBXGroup;
			children = (
				79F906B61F2584C400544230 /* GKNavigationBarViewControllerSwift */,
				79F906C11F2584C400544230 /* GKNavigationBarViewControllerSwiftTests */,
				79F906B51F2584C400544230 /* Products */,
			);
			sourceTree = "<group>";
		};
		79F906B51F2584C400544230 /* Products */ = {
			isa = PBXGroup;
			children = (
				79F906B41F2584C400544230 /* GKNavigationBarViewControllerSwift.framework */,
				79F906BD1F2584C400544230 /* GKNavigationBarViewControllerSwiftTests.xctest */,
			);
			name = Products;
			sourceTree = "<group>";
		};
		79F906B61F2584C400544230 /* GKNavigationBarViewControllerSwift */ = {
			isa = PBXGroup;
			children = (
				79F906E71F2584F100544230 /* GKNavigationBarConfigure.swift */,
				79F906E81F2584F100544230 /* GKNavigationBarViewController.swift */,
				79F906B71F2584C400544230 /* GKNavigationBarViewControllerSwift.h */,
				79F906CE1F2584DE00544230 /* Extensions */,
				79F906D31F2584DE00544230 /* Resources */,
				79F906D81F2584DE00544230 /* TransitionAnimation */,
				79F906B81F2584C400544230 /* Info.plist */,
			);
			path = GKNavigationBarViewControllerSwift;
			sourceTree = "<group>";
		};
		79F906C11F2584C400544230 /* GKNavigationBarViewControllerSwiftTests */ = {
			isa = PBXGroup;
			children = (
				79F906C21F2584C400544230 /* GKNavigationBarViewControllerSwiftTests.m */,
				79F906C41F2584C400544230 /* Info.plist */,
			);
			path = GKNavigationBarViewControllerSwiftTests;
			sourceTree = "<group>";
		};
		79F906CE1F2584DE00544230 /* Extensions */ = {
			isa = PBXGroup;
			children = (
				79F906CF1F2584DE00544230 /* UIBarButtonItem+GKExtension.swift */,
				79F906D01F2584DE00544230 /* UINavigationController+GKExtension.swift */,
				79F906D11F2584DE00544230 /* UIScrollView+GKExtension.swift */,
				79F906D21F2584DE00544230 /* UIViewController+GKExtension.swift */,
			);
			path = Extensions;
			sourceTree = "<group>";
		};
		79F906D31F2584DE00544230 /* Resources */ = {
			isa = PBXGroup;
			children = (
				79F906D41F2584DE00544230 /* btn_back_black@2x.png */,
				79F906D51F2584DE00544230 /* btn_back_black@3x.png */,
				79F906D61F2584DE00544230 /* btn_back_white@2x.png */,
				79F906D71F2584DE00544230 /* btn_back_white@3x.png */,
			);
			path = Resources;
			sourceTree = "<group>";
		};
		79F906D81F2584DE00544230 /* TransitionAnimation */ = {
			isa = PBXGroup;
			children = (
				79F906D91F2584DE00544230 /* GKDelegateHandler.swift */,
				79F906DA1F2584DE00544230 /* GKPopTransitionAnimation.swift */,
				79F906DB1F2584DE00544230 /* GKPushTransitionAnimation.swift */,
			);
			path = TransitionAnimation;
			sourceTree = "<group>";
		};
/* End PBXGroup section */

/* Begin PBXHeadersBuildPhase section */
		79F906B11F2584C400544230 /* Headers */ = {
			isa = PBXHeadersBuildPhase;
			buildActionMask = 2147483647;
			files = (
				79F906C51F2584C400544230 /* GKNavigationBarViewControllerSwift.h in Headers */,
			);
			runOnlyForDeploymentPostprocessing = 0;
		};
/* End PBXHeadersBuildPhase section */

/* Begin PBXNativeTarget section */
		79F906B31F2584C400544230 /* GKNavigationBarViewControllerSwift */ = {
			isa = PBXNativeTarget;
			buildConfigurationList = 79F906C81F2584C400544230 /* Build configuration list for PBXNativeTarget "GKNavigationBarViewControllerSwift" */;
			buildPhases = (
				79F906AF1F2584C400544230 /* Sources */,
				79F906B01F2584C400544230 /* Frameworks */,
				79F906B11F2584C400544230 /* Headers */,
				79F906B21F2584C400544230 /* Resources */,
			);
			buildRules = (
			);
			dependencies = (
			);
			name = GKNavigationBarViewControllerSwift;
			productName = GKNavigationBarViewControllerSwift;
			productReference = 79F906B41F2584C400544230 /* GKNavigationBarViewControllerSwift.framework */;
			productType = "com.apple.product-type.framework";
		};
		79F906BC1F2584C400544230 /* GKNavigationBarViewControllerSwiftTests */ = {
			isa = PBXNativeTarget;
			buildConfigurationList = 79F906CB1F2584C400544230 /* Build configuration list for PBXNativeTarget "GKNavigationBarViewControllerSwiftTests" */;
			buildPhases = (
				79F906B91F2584C400544230 /* Sources */,
				79F906BA1F2584C400544230 /* Frameworks */,
				79F906BB1F2584C400544230 /* Resources */,
			);
			buildRules = (
			);
			dependencies = (
				79F906C01F2584C400544230 /* PBXTargetDependency */,
			);
			name = GKNavigationBarViewControllerSwiftTests;
			productName = GKNavigationBarViewControllerSwiftTests;
			productReference = 79F906BD1F2584C400544230 /* GKNavigationBarViewControllerSwiftTests.xctest */;
			productType = "com.apple.product-type.bundle.unit-test";
		};
/* End PBXNativeTarget section */

/* Begin PBXProject section */
		79F906AB1F2584C400544230 /* Project object */ = {
			isa = PBXProject;
			attributes = {
				LastUpgradeCheck = 0830;
				ORGANIZATIONNAME = "高坤";
				TargetAttributes = {
					79F906B31F2584C400544230 = {
						CreatedOnToolsVersion = 8.3.3;
						DevelopmentTeam = 85SKD6C7ZZ;
						ProvisioningStyle = Automatic;
					};
					79F906BC1F2584C400544230 = {
						CreatedOnToolsVersion = 8.3.3;
						DevelopmentTeam = 85SKD6C7ZZ;
						ProvisioningStyle = Automatic;
					};
				};
			};
			buildConfigurationList = 79F906AE1F2584C400544230 /* Build configuration list for PBXProject "GKNavigationBarViewControllerSwift" */;
			compatibilityVersion = "Xcode 3.2";
			developmentRegion = English;
			hasScannedForEncodings = 0;
			knownRegions = (
				en,
			);
			mainGroup = 79F906AA1F2584C400544230;
			productRefGroup = 79F906B51F2584C400544230 /* Products */;
			projectDirPath = "";
			projectRoot = "";
			targets = (
				79F906B31F2584C400544230 /* GKNavigationBarViewControllerSwift */,
				79F906BC1F2584C400544230 /* GKNavigationBarViewControllerSwiftTests */,
			);
		};
/* End PBXProject section */

/* Begin PBXResourcesBuildPhase section */
		79F906B21F2584C400544230 /* Resources */ = {
			isa = PBXResourcesBuildPhase;
			buildActionMask = 2147483647;
			files = (
				79F906E01F2584DE00544230 /* btn_back_black@2x.png in Resources */,
				79F906E21F2584DE00544230 /* btn_back_white@2x.png in Resources */,
				79F906E11F2584DE00544230 /* btn_back_black@3x.png in Resources */,
				79F906E31F2584DE00544230 /* btn_back_white@3x.png in Resources */,
			);
			runOnlyForDeploymentPostprocessing = 0;
		};
		79F906BB1F2584C400544230 /* Resources */ = {
			isa = PBXResourcesBuildPhase;
			buildActionMask = 2147483647;
			files = (
			);
			runOnlyForDeploymentPostprocessing = 0;
		};
/* End PBXResourcesBuildPhase section */

/* Begin PBXSourcesBuildPhase section */
		79F906AF1F2584C400544230 /* Sources */ = {
			isa = PBXSourcesBuildPhase;
			buildActionMask = 2147483647;
			files = (
				79F906DF1F2584DE00544230 /* UIViewController+GKExtension.swift in Sources */,
				79F906E51F2584DE00544230 /* GKPopTransitionAnimation.swift in Sources */,
				79F906E91F2584F100544230 /* GKNavigationBarConfigure.swift in Sources */,
				79F906E41F2584DE00544230 /* GKDelegateHandler.swift in Sources */,
				79F906E61F2584DE00544230 /* GKPushTransitionAnimation.swift in Sources */,
				79F906DE1F2584DE00544230 /* UIScrollView+GKExtension.swift in Sources */,
				79F906DC1F2584DE00544230 /* UIBarButtonItem+GKExtension.swift in Sources */,
				79F906EA1F2584F100544230 /* GKNavigationBarViewController.swift in Sources */,
				79F906DD1F2584DE00544230 /* UINavigationController+GKExtension.swift in Sources */,
			);
			runOnlyForDeploymentPostprocessing = 0;
		};
		79F906B91F2584C400544230 /* Sources */ = {
			isa = PBXSourcesBuildPhase;
			buildActionMask = 2147483647;
			files = (
				79F906C31F2584C400544230 /* GKNavigationBarViewControllerSwiftTests.m in Sources */,
			);
			runOnlyForDeploymentPostprocessing = 0;
		};
/* End PBXSourcesBuildPhase section */

/* Begin PBXTargetDependency section */
		79F906C01F2584C400544230 /* PBXTargetDependency */ = {
			isa = PBXTargetDependency;
			target = 79F906B31F2584C400544230 /* GKNavigationBarViewControllerSwift */;
			targetProxy = 79F906BF1F2584C400544230 /* PBXContainerItemProxy */;
		};
/* End PBXTargetDependency section */

/* Begin XCBuildConfiguration section */
		79F906C61F2584C400544230 /* Debug */ = {
			isa = XCBuildConfiguration;
			buildSettings = {
				ALWAYS_SEARCH_USER_PATHS = NO;
				CLANG_ANALYZER_NONNULL = YES;
				CLANG_ANALYZER_NUMBER_OBJECT_CONVERSION = YES_AGGRESSIVE;
				CLANG_CXX_LANGUAGE_STANDARD = "gnu++0x";
				CLANG_CXX_LIBRARY = "libc++";
				CLANG_ENABLE_MODULES = YES;
				CLANG_ENABLE_OBJC_ARC = YES;
				CLANG_WARN_BOOL_CONVERSION = YES;
				CLANG_WARN_CONSTANT_CONVERSION = YES;
				CLANG_WARN_DIRECT_OBJC_ISA_USAGE = YES_ERROR;
				CLANG_WARN_DOCUMENTATION_COMMENTS = YES;
				CLANG_WARN_EMPTY_BODY = YES;
				CLANG_WARN_ENUM_CONVERSION = YES;
				CLANG_WARN_INFINITE_RECURSION = YES;
				CLANG_WARN_INT_CONVERSION = YES;
				CLANG_WARN_OBJC_ROOT_CLASS = YES_ERROR;
				CLANG_WARN_SUSPICIOUS_MOVE = YES;
				CLANG_WARN_UNREACHABLE_CODE = YES;
				CLANG_WARN__DUPLICATE_METHOD_MATCH = YES;
				"CODE_SIGN_IDENTITY[sdk=iphoneos*]" = "iPhone Developer";
				COPY_PHASE_STRIP = NO;
				CURRENT_PROJECT_VERSION = 1;
				DEBUG_INFORMATION_FORMAT = dwarf;
				ENABLE_STRICT_OBJC_MSGSEND = YES;
				ENABLE_TESTABILITY = YES;
				GCC_C_LANGUAGE_STANDARD = gnu99;
				GCC_DYNAMIC_NO_PIC = NO;
				GCC_NO_COMMON_BLOCKS = YES;
				GCC_OPTIMIZATION_LEVEL = 0;
				GCC_PREPROCESSOR_DEFINITIONS = (
					"DEBUG=1",
					"$(inherited)",
				);
				GCC_WARN_64_TO_32_BIT_CONVERSION = YES;
				GCC_WARN_ABOUT_RETURN_TYPE = YES_ERROR;
				GCC_WARN_UNDECLARED_SELECTOR = YES;
				GCC_WARN_UNINITIALIZED_AUTOS = YES_AGGRESSIVE;
				GCC_WARN_UNUSED_FUNCTION = YES;
				GCC_WARN_UNUSED_VARIABLE = YES;
				IPHONEOS_DEPLOYMENT_TARGET = 10.3;
				MTL_ENABLE_DEBUG_INFO = YES;
				ONLY_ACTIVE_ARCH = YES;
				SDKROOT = iphoneos;
				TARGETED_DEVICE_FAMILY = "1,2";
				VERSIONING_SYSTEM = "apple-generic";
				VERSION_INFO_PREFIX = "";
			};
			name = Debug;
		};
		79F906C71F2584C400544230 /* Release */ = {
			isa = XCBuildConfiguration;
			buildSettings = {
				ALWAYS_SEARCH_USER_PATHS = NO;
				CLANG_ANALYZER_NONNULL = YES;
				CLANG_ANALYZER_NUMBER_OBJECT_CONVERSION = YES_AGGRESSIVE;
				CLANG_CXX_LANGUAGE_STANDARD = "gnu++0x";
				CLANG_CXX_LIBRARY = "libc++";
				CLANG_ENABLE_MODULES = YES;
				CLANG_ENABLE_OBJC_ARC = YES;
				CLANG_WARN_BOOL_CONVERSION = YES;
				CLANG_WARN_CONSTANT_CONVERSION = YES;
				CLANG_WARN_DIRECT_OBJC_ISA_USAGE = YES_ERROR;
				CLANG_WARN_DOCUMENTATION_COMMENTS = YES;
				CLANG_WARN_EMPTY_BODY = YES;
				CLANG_WARN_ENUM_CONVERSION = YES;
				CLANG_WARN_INFINITE_RECURSION = YES;
				CLANG_WARN_INT_CONVERSION = YES;
				CLANG_WARN_OBJC_ROOT_CLASS = YES_ERROR;
				CLANG_WARN_SUSPICIOUS_MOVE = YES;
				CLANG_WARN_UNREACHABLE_CODE = YES;
				CLANG_WARN__DUPLICATE_METHOD_MATCH = YES;
				"CODE_SIGN_IDENTITY[sdk=iphoneos*]" = "iPhone Developer";
				COPY_PHASE_STRIP = NO;
				CURRENT_PROJECT_VERSION = 1;
				DEBUG_INFORMATION_FORMAT = "dwarf-with-dsym";
				ENABLE_NS_ASSERTIONS = NO;
				ENABLE_STRICT_OBJC_MSGSEND = YES;
				GCC_C_LANGUAGE_STANDARD = gnu99;
				GCC_NO_COMMON_BLOCKS = YES;
				GCC_WARN_64_TO_32_BIT_CONVERSION = YES;
				GCC_WARN_ABOUT_RETURN_TYPE = YES_ERROR;
				GCC_WARN_UNDECLARED_SELECTOR = YES;
				GCC_WARN_UNINITIALIZED_AUTOS = YES_AGGRESSIVE;
				GCC_WARN_UNUSED_FUNCTION = YES;
				GCC_WARN_UNUSED_VARIABLE = YES;
				IPHONEOS_DEPLOYMENT_TARGET = 10.3;
				MTL_ENABLE_DEBUG_INFO = NO;
				SDKROOT = iphoneos;
				TARGETED_DEVICE_FAMILY = "1,2";
				VALIDATE_PRODUCT = YES;
				VERSIONING_SYSTEM = "apple-generic";
				VERSION_INFO_PREFIX = "";
			};
			name = Release;
		};
		79F906C91F2584C400544230 /* Debug */ = {
			isa = XCBuildConfiguration;
			buildSettings = {
				CODE_SIGN_IDENTITY = "";
				DEFINES_MODULE = YES;
				DEVELOPMENT_TEAM = 85SKD6C7ZZ;
				DYLIB_COMPATIBILITY_VERSION = 1;
				DYLIB_CURRENT_VERSION = 1;
				DYLIB_INSTALL_NAME_BASE = "@rpath";
				INFOPLIST_FILE = GKNavigationBarViewControllerSwift/Info.plist;
				INSTALL_PATH = "$(LOCAL_LIBRARY_DIR)/Frameworks";
				LD_RUNPATH_SEARCH_PATHS = "$(inherited) @executable_path/Frameworks @loader_path/Frameworks";
				PRODUCT_BUNDLE_IDENTIFIER = com.maserati.swift.GKNavigationBarViewControllerSwift;
				PRODUCT_NAME = "$(TARGET_NAME)";
				SKIP_INSTALL = YES;
			};
			name = Debug;
		};
		79F906CA1F2584C400544230 /* Release */ = {
			isa = XCBuildConfiguration;
			buildSettings = {
				CODE_SIGN_IDENTITY = "";
				DEFINES_MODULE = YES;
				DEVELOPMENT_TEAM = 85SKD6C7ZZ;
				DYLIB_COMPATIBILITY_VERSION = 1;
				DYLIB_CURRENT_VERSION = 1;
				DYLIB_INSTALL_NAME_BASE = "@rpath";
				INFOPLIST_FILE = GKNavigationBarViewControllerSwift/Info.plist;
				INSTALL_PATH = "$(LOCAL_LIBRARY_DIR)/Frameworks";
				LD_RUNPATH_SEARCH_PATHS = "$(inherited) @executable_path/Frameworks @loader_path/Frameworks";
				PRODUCT_BUNDLE_IDENTIFIER = com.maserati.swift.GKNavigationBarViewControllerSwift;
				PRODUCT_NAME = "$(TARGET_NAME)";
				SKIP_INSTALL = YES;
			};
			name = Release;
		};
		79F906CC1F2584C400544230 /* Debug */ = {
			isa = XCBuildConfiguration;
			buildSettings = {
				ALWAYS_EMBED_SWIFT_STANDARD_LIBRARIES = YES;
				DEVELOPMENT_TEAM = 85SKD6C7ZZ;
				INFOPLIST_FILE = GKNavigationBarViewControllerSwiftTests/Info.plist;
				LD_RUNPATH_SEARCH_PATHS = "$(inherited) @executable_path/Frameworks @loader_path/Frameworks";
				PRODUCT_BUNDLE_IDENTIFIER = com.maserati.swift.GKNavigationBarViewControllerSwiftTests;
				PRODUCT_NAME = "$(TARGET_NAME)";
			};
			name = Debug;
		};
		79F906CD1F2584C400544230 /* Release */ = {
			isa = XCBuildConfiguration;
			buildSettings = {
				ALWAYS_EMBED_SWIFT_STANDARD_LIBRARIES = YES;
				DEVELOPMENT_TEAM = 85SKD6C7ZZ;
				INFOPLIST_FILE = GKNavigationBarViewControllerSwiftTests/Info.plist;
				LD_RUNPATH_SEARCH_PATHS = "$(inherited) @executable_path/Frameworks @loader_path/Frameworks";
				PRODUCT_BUNDLE_IDENTIFIER = com.maserati.swift.GKNavigationBarViewControllerSwiftTests;
				PRODUCT_NAME = "$(TARGET_NAME)";
			};
			name = Release;
		};
/* End XCBuildConfiguration section */

/* Begin XCConfigurationList section */
		79F906AE1F2584C400544230 /* Build configuration list for PBXProject "GKNavigationBarViewControllerSwift" */ = {
			isa = XCConfigurationList;
			buildConfigurations = (
				79F906C61F2584C400544230 /* Debug */,
				79F906C71F2584C400544230 /* Release */,
			);
			defaultConfigurationIsVisible = 0;
			defaultConfigurationName = Release;
		};
		79F906C81F2584C400544230 /* Build configuration list for PBXNativeTarget "GKNavigationBarViewControllerSwift" */ = {
			isa = XCConfigurationList;
			buildConfigurations = (
				79F906C91F2584C400544230 /* Debug */,
				79F906CA1F2584C400544230 /* Release */,
			);
			defaultConfigurationIsVisible = 0;
		};
		79F906CB1F2584C400544230 /* Build configuration list for PBXNativeTarget "GKNavigationBarViewControllerSwiftTests" */ = {
			isa = XCConfigurationList;
			buildConfigurations = (
				79F906CC1F2584C400544230 /* Debug */,
				79F906CD1F2584C400544230 /* Release */,
			);
			defaultConfigurationIsVisible = 0;
		};
/* End XCConfigurationList section */
	};
	rootObject = 79F906AB1F2584C400544230 /* Project object */;
}
